
Microsoft Visual Studio Solution File, Format Version 12.00
# Visual Studio 2012
Project("{FAE04EC0-301F-11D3-BF4B-00C04F79EFBC}") = "Marsman.Toolkit", "Marsman.Toolkit\Marsman.Toolkit.csproj", "{D2F9FD36-BF76-4CF7-BDE4-80554A867762}"
EndProject
Global
	GlobalSection(SolutionConfigurationPlatforms) = preSolution
		Debug|Any CPU = Debug|Any CPU
		Release|Any CPU = Release|Any CPU
	EndGlobalSection
	GlobalSection(ProjectConfigurationPlatforms) = postSolution
		{D2F9FD36-BF76-4CF7-BDE4-80554A867762}.Debug|Any CPU.ActiveCfg = Debug|Any CPU
		{D2F9FD36-BF76-4CF7-BDE4-80554A867762}.Debug|Any CPU.Build.0 = Debug|Any CPU
		{D2F9FD36-BF76-4CF7-BDE4-80554A867762}.Release|Any CPU.ActiveCfg = Release|Any CPU
		{D2F9FD36-BF76-4CF7-BDE4-80554A867762}.Release|Any CPU.Build.0 = Release|Any CPU
	EndGlobalSection
	GlobalSection(SolutionProperties) = preSolution
		HideSolutionNode = FALSE
	EndGlobalSection
EndGlobal
